
Microsoft Visual Studio Solution File, Format Version 12.00
# Visual Studio Version 17
VisualStudioVersion = 17.8.34112.27
MinimumVisualStudioVersion = 10.0.40219.1
Project("{9A19103F-16F7-4668-BE54-9A1E7A4F7556}") = "MessageQueueNET", "src\backend\MessageQueueNET\MessageQueueNET.csproj", "{2AB32F35-68B4-4540-A32B-96AB1E7112D3}"
EndProject
Project("{9A19103F-16F7-4668-BE54-9A1E7A4F7556}") = "MessageQueueNET.Client", "src\shared\MessageQueueNET.Client\MessageQueueNET.Client.csproj", "{18BEF327-8ACD-475A-BA42-0BD8E06457BB}"
EndProject
Project("{2150E333-8FDC-42A3-9474-1A3956D46DE8}") = "src", "src", "{90400040-C2F7-4714-BAD0-B6A384777990}"
EndProject
Project("{9A19103F-16F7-4668-BE54-9A1E7A4F7556}") = "MessageQueueNET.Cmd", "src\console\MessageQueueNET.Cmd\MessageQueueNET.Cmd.csproj", "{18112CB7-9522-45C4-BCA5-45021C8AABE1}"
EndProject
Project("{2150E333-8FDC-42A3-9474-1A3956D46DE8}") = "backend", "backend", "{3BA333A7-5471-4EF2-ADDC-2FE8B644A3D0}"
EndProject
Project("{2150E333-8FDC-42A3-9474-1A3956D46DE8}") = "console", "console", "{1F43EC6F-B326-4C8D-8C6B-0DFD6018F3FE}"
EndProject
Project("{2150E333-8FDC-42A3-9474-1A3956D46DE8}") = "shared", "shared", "{452DEE13-9461-401F-A180-466B3842EDF5}"
EndProject
Project("{2150E333-8FDC-42A3-9474-1A3956D46DE8}") = "frontend", "frontend", "{6680B95A-5C55-407E-B340-84AEDC61E955}"
EndProject
Project("{9A19103F-16F7-4668-BE54-9A1E7A4F7556}") = "MessageQueueNET.Blazor", "src\frontend\MessageQueueNET.Blazor\MessageQueueNET.Blazor.csproj", "{1BAFF78D-57F1-4807-BBA8-AA6D3C8DF707}"
EndProject
Project("{9A19103F-16F7-4668-BE54-9A1E7A4F7556}") = "MessageQueueNET.Razor", "src\frontend\MessageQueueNET.Razor\MessageQueueNET.Razor.csproj", "{48C7191D-063E-457F-B1C1-D0AAA3695DDE}"
EndProject
Project("{2150E333-8FDC-42A3-9474-1A3956D46DE8}") = "test", "test", "{3B9D7D8F-1588-4623-A7D1-7BAC56F5BF2A}"
EndProject
Project("{9A19103F-16F7-4668-BE54-9A1E7A4F7556}") = "MessageQueueNET.StressTest", "test\MessageQueueNET.StressTest\MessageQueueNET.StressTest.csproj", "{E5DCD2EB-416B-46F3-8B21-29B6A4808074}"
EndProject
Project("{9A19103F-16F7-4668-BE54-9A1E7A4F7556}") = "MessageQueueNET.Core", "src\shared\MessageQueueNET.Core\MessageQueueNET.Core.csproj", "{7CC578A7-776A-4183-B2AB-F4CA70260D25}"
EndProject
Project("{9A19103F-16F7-4668-BE54-9A1E7A4F7556}") = "MessageQueueNET.Processor", "src\console\MessageQueueNET.Processor\MessageQueueNET.Processor.csproj", "{BD231107-FBB0-47BE-ACF4-20E91B2AC41E}"
EndProject
Project("{9A19103F-16F7-4668-BE54-9A1E7A4F7556}") = "MessageQueueNET.Worker", "src\shared\MessageQueueNET.Worker\MessageQueueNET.Worker.csproj", "{455D29DB-AA04-414E-932D-C7528D4B5EBF}"
EndProject
Project("{9A19103F-16F7-4668-BE54-9A1E7A4F7556}") = "MessageQueueNET.AppHost", "src\aspire\MessageQueueNET.AppHost\MessageQueueNET.AppHost.csproj", "{924F6788-3CD9-4C9F-9D86-ABA87DE25579}"
EndProject
Project("{9A19103F-16F7-4668-BE54-9A1E7A4F7556}") = "MessageQueueNET.ServiceDefaults", "src\aspire\MessageQueueNET.ServiceDefaults\MessageQueueNET.ServiceDefaults.csproj", "{0DE8CC85-0B07-471B-B8C5-62FFE97D21C5}"
EndProject
Project("{2150E333-8FDC-42A3-9474-1A3956D46DE8}") = "aspire", "aspire", "{FD2DA05E-A624-4C12-AFA9-F4C9785A7EF1}"
EndProject
Project("{FAE04EC0-301F-11D3-BF4B-00C04F79EFBC}") = "MessageQueueNET.Aspire", "src\shared\MessageQueueNET.Aspire\MessageQueueNET.Aspire.csproj", "{53A24CA0-3856-40E5-82DA-F7D5679A0FD5}"
EndProject
Project("{FAE04EC0-301F-11D3-BF4B-00C04F79EFBC}") = "MessageQueueNET.Aspire.Hosting", "src\shared\MessageQueueNET.Aspire.Hosting\MessageQueueNET.Aspire.Hosting.csproj", "{BBC5CE1E-1A51-4068-A929-F20DBBD90BB5}"
EndProject
Global
	GlobalSection(SolutionConfigurationPlatforms) = preSolution
		Debug|Any CPU = Debug|Any CPU
		Release|Any CPU = Release|Any CPU
	EndGlobalSection
	GlobalSection(ProjectConfigurationPlatforms) = postSolution
		{2AB32F35-68B4-4540-A32B-96AB1E7112D3}.Debug|Any CPU.ActiveCfg = Debug|Any CPU
		{2AB32F35-68B4-4540-A32B-96AB1E7112D3}.Debug|Any CPU.Build.0 = Debug|Any CPU
		{2AB32F35-68B4-4540-A32B-96AB1E7112D3}.Release|Any CPU.ActiveCfg = Release|Any CPU
		{2AB32F35-68B4-4540-A32B-96AB1E7112D3}.Release|Any CPU.Build.0 = Release|Any CPU
		{18BEF327-8ACD-475A-BA42-0BD8E06457BB}.Debug|Any CPU.ActiveCfg = Debug|Any CPU
		{18BEF327-8ACD-475A-BA42-0BD8E06457BB}.Debug|Any CPU.Build.0 = Debug|Any CPU
		{18BEF327-8ACD-475A-BA42-0BD8E06457BB}.Release|Any CPU.ActiveCfg = Release|Any CPU
		{18BEF327-8ACD-475A-BA42-0BD8E06457BB}.Release|Any CPU.Build.0 = Release|Any CPU
		{18112CB7-9522-45C4-BCA5-45021C8AABE1}.Debug|Any CPU.ActiveCfg = Debug|Any CPU
		{18112CB7-9522-45C4-BCA5-45021C8AABE1}.Debug|Any CPU.Build.0 = Debug|Any CPU
		{18112CB7-9522-45C4-BCA5-45021C8AABE1}.Release|Any CPU.ActiveCfg = Release|Any CPU
		{18112CB7-9522-45C4-BCA5-45021C8AABE1}.Release|Any CPU.Build.0 = Release|Any CPU
		{1BAFF78D-57F1-4807-BBA8-AA6D3C8DF707}.Debug|Any CPU.ActiveCfg = Debug|Any CPU
		{1BAFF78D-57F1-4807-BBA8-AA6D3C8DF707}.Debug|Any CPU.Build.0 = Debug|Any CPU
		{1BAFF78D-57F1-4807-BBA8-AA6D3C8DF707}.Release|Any CPU.ActiveCfg = Release|Any CPU
		{1BAFF78D-57F1-4807-BBA8-AA6D3C8DF707}.Release|Any CPU.Build.0 = Release|Any CPU
		{48C7191D-063E-457F-B1C1-D0AAA3695DDE}.Debug|Any CPU.ActiveCfg = Debug|Any CPU
		{48C7191D-063E-457F-B1C1-D0AAA3695DDE}.Debug|Any CPU.Build.0 = Debug|Any CPU
		{48C7191D-063E-457F-B1C1-D0AAA3695DDE}.Release|Any CPU.ActiveCfg = Release|Any CPU
		{48C7191D-063E-457F-B1C1-D0AAA3695DDE}.Release|Any CPU.Build.0 = Release|Any CPU
		{E5DCD2EB-416B-46F3-8B21-29B6A4808074}.Debug|Any CPU.ActiveCfg = Debug|Any CPU
		{E5DCD2EB-416B-46F3-8B21-29B6A4808074}.Debug|Any CPU.Build.0 = Debug|Any CPU
		{E5DCD2EB-416B-46F3-8B21-29B6A4808074}.Release|Any CPU.ActiveCfg = Release|Any CPU
		{E5DCD2EB-416B-46F3-8B21-29B6A4808074}.Release|Any CPU.Build.0 = Release|Any CPU
		{7CC578A7-776A-4183-B2AB-F4CA70260D25}.Debug|Any CPU.ActiveCfg = Debug|Any CPU
		{7CC578A7-776A-4183-B2AB-F4CA70260D25}.Debug|Any CPU.Build.0 = Debug|Any CPU
		{7CC578A7-776A-4183-B2AB-F4CA70260D25}.Release|Any CPU.ActiveCfg = Release|Any CPU
		{7CC578A7-776A-4183-B2AB-F4CA70260D25}.Release|Any CPU.Build.0 = Release|Any CPU
		{BD231107-FBB0-47BE-ACF4-20E91B2AC41E}.Debug|Any CPU.ActiveCfg = Debug|Any CPU
		{BD231107-FBB0-47BE-ACF4-20E91B2AC41E}.Debug|Any CPU.Build.0 = Debug|Any CPU
		{BD231107-FBB0-47BE-ACF4-20E91B2AC41E}.Release|Any CPU.ActiveCfg = Release|Any CPU
		{BD231107-FBB0-47BE-ACF4-20E91B2AC41E}.Release|Any CPU.Build.0 = Release|Any CPU
		{455D29DB-AA04-414E-932D-C7528D4B5EBF}.Debug|Any CPU.ActiveCfg = Debug|Any CPU
		{455D29DB-AA04-414E-932D-C7528D4B5EBF}.Debug|Any CPU.Build.0 = Debug|Any CPU
		{455D29DB-AA04-414E-932D-C7528D4B5EBF}.Release|Any CPU.ActiveCfg = Release|Any CPU
		{455D29DB-AA04-414E-932D-C7528D4B5EBF}.Release|Any CPU.Build.0 = Release|Any CPU
		{924F6788-3CD9-4C9F-9D86-ABA87DE25579}.Debug|Any CPU.ActiveCfg = Debug|Any CPU
		{924F6788-3CD9-4C9F-9D86-ABA87DE25579}.Debug|Any CPU.Build.0 = Debug|Any CPU
		{924F6788-3CD9-4C9F-9D86-ABA87DE25579}.Release|Any CPU.ActiveCfg = Release|Any CPU
		{924F6788-3CD9-4C9F-9D86-ABA87DE25579}.Release|Any CPU.Build.0 = Release|Any CPU
		{0DE8CC85-0B07-471B-B8C5-62FFE97D21C5}.Debug|Any CPU.ActiveCfg = Debug|Any CPU
		{0DE8CC85-0B07-471B-B8C5-62FFE97D21C5}.Debug|Any CPU.Build.0 = Debug|Any CPU
		{0DE8CC85-0B07-471B-B8C5-62FFE97D21C5}.Release|Any CPU.ActiveCfg = Release|Any CPU
		{0DE8CC85-0B07-471B-B8C5-62FFE97D21C5}.Release|Any CPU.Build.0 = Release|Any CPU
		{53A24CA0-3856-40E5-82DA-F7D5679A0FD5}.Debug|Any CPU.ActiveCfg = Debug|Any CPU
		{53A24CA0-3856-40E5-82DA-F7D5679A0FD5}.Debug|Any CPU.Build.0 = Debug|Any CPU
		{53A24CA0-3856-40E5-82DA-F7D5679A0FD5}.Release|Any CPU.ActiveCfg = Release|Any CPU
		{53A24CA0-3856-40E5-82DA-F7D5679A0FD5}.Release|Any CPU.Build.0 = Release|Any CPU
		{BBC5CE1E-1A51-4068-A929-F20DBBD90BB5}.Debug|Any CPU.ActiveCfg = Debug|Any CPU
		{BBC5CE1E-1A51-4068-A929-F20DBBD90BB5}.Debug|Any CPU.Build.0 = Debug|Any CPU
		{BBC5CE1E-1A51-4068-A929-F20DBBD90BB5}.Release|Any CPU.ActiveCfg = Release|Any CPU
		{BBC5CE1E-1A51-4068-A929-F20DBBD90BB5}.Release|Any CPU.Build.0 = Release|Any CPU
	EndGlobalSection
	GlobalSection(SolutionProperties) = preSolution
		HideSolutionNode = FALSE
	EndGlobalSection
	GlobalSection(NestedProjects) = preSolution
		{2AB32F35-68B4-4540-A32B-96AB1E7112D3} = {3BA333A7-5471-4EF2-ADDC-2FE8B644A3D0}
		{18BEF327-8ACD-475A-BA42-0BD8E06457BB} = {452DEE13-9461-401F-A180-466B3842EDF5}
		{18112CB7-9522-45C4-BCA5-45021C8AABE1} = {1F43EC6F-B326-4C8D-8C6B-0DFD6018F3FE}
		{3BA333A7-5471-4EF2-ADDC-2FE8B644A3D0} = {90400040-C2F7-4714-BAD0-B6A384777990}
		{1F43EC6F-B326-4C8D-8C6B-0DFD6018F3FE} = {90400040-C2F7-4714-BAD0-B6A384777990}
		{452DEE13-9461-401F-A180-466B3842EDF5} = {90400040-C2F7-4714-BAD0-B6A384777990}
		{6680B95A-5C55-407E-B340-84AEDC61E955} = {90400040-C2F7-4714-BAD0-B6A384777990}
		{1BAFF78D-57F1-4807-BBA8-AA6D3C8DF707} = {6680B95A-5C55-407E-B340-84AEDC61E955}
		{48C7191D-063E-457F-B1C1-D0AAA3695DDE} = {6680B95A-5C55-407E-B340-84AEDC61E955}
		{E5DCD2EB-416B-46F3-8B21-29B6A4808074} = {3B9D7D8F-1588-4623-A7D1-7BAC56F5BF2A}
		{7CC578A7-776A-4183-B2AB-F4CA70260D25} = {452DEE13-9461-401F-A180-466B3842EDF5}
		{BD231107-FBB0-47BE-ACF4-20E91B2AC41E} = {1F43EC6F-B326-4C8D-8C6B-0DFD6018F3FE}
		{455D29DB-AA04-414E-932D-C7528D4B5EBF} = {452DEE13-9461-401F-A180-466B3842EDF5}
		{924F6788-3CD9-4C9F-9D86-ABA87DE25579} = {FD2DA05E-A624-4C12-AFA9-F4C9785A7EF1}
		{0DE8CC85-0B07-471B-B8C5-62FFE97D21C5} = {FD2DA05E-A624-4C12-AFA9-F4C9785A7EF1}
		{FD2DA05E-A624-4C12-AFA9-F4C9785A7EF1} = {90400040-C2F7-4714-BAD0-B6A384777990}
		{53A24CA0-3856-40E5-82DA-F7D5679A0FD5} = {452DEE13-9461-401F-A180-466B3842EDF5}
		{BBC5CE1E-1A51-4068-A929-F20DBBD90BB5} = {452DEE13-9461-401F-A180-466B3842EDF5}
	EndGlobalSection
	GlobalSection(ExtensibilityGlobals) = postSolution
		SolutionGuid = {C03DE594-F8A9-4016-9E7E-63E54E9D94BA}
	EndGlobalSection
EndGlobal
